// !$*UTF8*$!
{
	archiveVersion = 1;
	classes = {
	};
	objectVersion = 56;
	objects = {

/* Begin PBXBuildFile section */
		072F9A0C2A861960004E8B69 /* BookmarksViewModel.swift in Sources */ = {isa = PBXBuildFile; fileRef = 072F9A0B2A861960004E8B69 /* BookmarksViewModel.swift */; };
		072F9A0E2A8619FC004E8B69 /* BookmarkModel.swift in Sources */ = {isa = PBXBuildFile; fileRef = 072F9A0D2A8619FC004E8B69 /* BookmarkModel.swift */; };
		072F9A102A861C4D004E8B69 /* BookmarksScreen.swift in Sources */ = {isa = PBXBuildFile; fileRef = 072F9A0F2A861C4D004E8B69 /* BookmarksScreen.swift */; };
		072F9A122A861D2E004E8B69 /* ChapterInformationRowView.swift in Sources */ = {isa = PBXBuildFile; fileRef = 072F9A112A861D2E004E8B69 /* ChapterInformationRowView.swift */; };
		0747B8A62A810F9900B12C66 /* ChapterInformationView.swift in Sources */ = {isa = PBXBuildFile; fileRef = 0747B8A52A810F9900B12C66 /* ChapterInformationView.swift */; };
		0755EB042A80FECD0078A3A9 /* ChapterModel.swift in Sources */ = {isa = PBXBuildFile; fileRef = 0755EB032A80FECD0078A3A9 /* ChapterModel.swift */; };
		0755EB062A80FED70078A3A9 /* AllChaptersViewModel.swift in Sources */ = {isa = PBXBuildFile; fileRef = 0755EB052A80FED70078A3A9 /* AllChaptersViewModel.swift */; };
		07619C012A9704270090FBED /* RandomSlokStructure.swift in Sources */ = {isa = PBXBuildFile; fileRef = 07619C002A9704270090FBED /* RandomSlokStructure.swift */; };
		0785A4062A80FD73007C322C /* Bhagavad_GitaApp.swift in Sources */ = {isa = PBXBuildFile; fileRef = 0785A4052A80FD73007C322C /* Bhagavad_GitaApp.swift */; };
		0785A4082A80FD73007C322C /* AllChaptersView.swift in Sources */ = {isa = PBXBuildFile; fileRef = 0785A4072A80FD73007C322C /* AllChaptersView.swift */; };
		0785A40A2A80FD75007C322C /* Assets.xcassets in Resources */ = {isa = PBXBuildFile; fileRef = 0785A4092A80FD75007C322C /* Assets.xcassets */; };
		0785A40D2A80FD75007C322C /* Preview Assets.xcassets in Resources */ = {isa = PBXBuildFile; fileRef = 0785A40C2A80FD75007C322C /* Preview Assets.xcassets */; };
		07F790542A81149F007CBCD1 /* SlokView.swift in Sources */ = {isa = PBXBuildFile; fileRef = 07F790532A81149F007CBCD1 /* SlokView.swift */; };
		07F790562A81183A007CBCD1 /* SlokViewModel.swift in Sources */ = {isa = PBXBuildFile; fileRef = 07F790552A81183A007CBCD1 /* SlokViewModel.swift */; };
		07F790582A811B92007CBCD1 /* SlokModel.swift in Sources */ = {isa = PBXBuildFile; fileRef = 07F790572A811B92007CBCD1 /* SlokModel.swift */; };
		07F7905A2A8125CD007CBCD1 /* DownloadData.swift in Sources */ = {isa = PBXBuildFile; fileRef = 07F790592A8125CD007CBCD1 /* DownloadData.swift */; };
		07F7905C2A812683007CBCD1 /* OtherExplanationView.swift in Sources */ = {isa = PBXBuildFile; fileRef = 07F7905B2A812683007CBCD1 /* OtherExplanationView.swift */; };
		07F7905E2A81292E007CBCD1 /* AllAuthorsView.swift in Sources */ = {isa = PBXBuildFile; fileRef = 07F7905D2A81292E007CBCD1 /* AllAuthorsView.swift */; };
/* End PBXBuildFile section */

/* Begin PBXFileReference section */
		072F9A0B2A861960004E8B69 /* BookmarksViewModel.swift */ = {isa = PBXFileReference; fileEncoding = 4; lastKnownFileType = sourcecode.swift; name = BookmarksViewModel.swift; path = "Bhagavad Gita/ViewModels/BookmarksViewModel.swift"; sourceTree = SOURCE_ROOT; };
		072F9A0D2A8619FC004E8B69 /* BookmarkModel.swift */ = {isa = PBXFileReference; fileEncoding = 4; lastKnownFileType = sourcecode.swift; path = BookmarkModel.swift; sourceTree = "<group>"; };
		072F9A0F2A861C4D004E8B69 /* BookmarksScreen.swift */ = {isa = PBXFileReference; fileEncoding = 4; lastKnownFileType = sourcecode.swift; path = BookmarksScreen.swift; sourceTree = "<group>"; };
		072F9A112A861D2E004E8B69 /* ChapterInformationRowView.swift */ = {isa = PBXFileReference; fileEncoding = 4; lastKnownFileType = sourcecode.swift; path = ChapterInformationRowView.swift; sourceTree = "<group>"; };
		0747B8A52A810F9900B12C66 /* ChapterInformationView.swift */ = {isa = PBXFileReference; fileEncoding = 4; lastKnownFileType = sourcecode.swift; path = ChapterInformationView.swift; sourceTree = "<group>"; };
		0755EB032A80FECD0078A3A9 /* ChapterModel.swift */ = {isa = PBXFileReference; fileEncoding = 4; lastKnownFileType = sourcecode.swift; path = ChapterModel.swift; sourceTree = "<group>"; };
		0755EB052A80FED70078A3A9 /* AllChaptersViewModel.swift */ = {isa = PBXFileReference; fileEncoding = 4; lastKnownFileType = sourcecode.swift; path = AllChaptersViewModel.swift; sourceTree = "<group>"; };
		0755EB082A8105740078A3A9 /* Bhagavad-Gita-Info.plist */ = {isa = PBXFileReference; lastKnownFileType = text.plist; path = "Bhagavad-Gita-Info.plist"; sourceTree = SOURCE_ROOT; };
		07619C002A9704270090FBED /* RandomSlokStructure.swift */ = {isa = PBXFileReference; lastKnownFileType = sourcecode.swift; path = RandomSlokStructure.swift; sourceTree = "<group>"; };
		0785A4022A80FD73007C322C /* Bhagavad Gita.app */ = {isa = PBXFileReference; explicitFileType = wrapper.application; includeInIndex = 0; path = "Bhagavad Gita.app"; sourceTree = BUILT_PRODUCTS_DIR; };
		0785A4052A80FD73007C322C /* Bhagavad_GitaApp.swift */ = {isa = PBXFileReference; lastKnownFileType = sourcecode.swift; path = Bhagavad_GitaApp.swift; sourceTree = "<group>"; };
		0785A4072A80FD73007C322C /* AllChaptersView.swift */ = {isa = PBXFileReference; lastKnownFileType = sourcecode.swift; path = AllChaptersView.swift; sourceTree = "<group>"; };
		0785A4092A80FD75007C322C /* Assets.xcassets */ = {isa = PBXFileReference; lastKnownFileType = folder.assetcatalog; path = Assets.xcassets; sourceTree = "<group>"; };
		0785A40C2A80FD75007C322C /* Preview Assets.xcassets */ = {isa = PBXFileReference; lastKnownFileType = folder.assetcatalog; path = "Preview Assets.xcassets"; sourceTree = "<group>"; };
		07A74FC52A81FEA700E64B27 /* Bhagavad Gita.entitlements */ = {isa = PBXFileReference; lastKnownFileType = text.plist.entitlements; path = "Bhagavad Gita.entitlements"; sourceTree = "<group>"; };
		07F790532A81149F007CBCD1 /* SlokView.swift */ = {isa = PBXFileReference; fileEncoding = 4; lastKnownFileType = sourcecode.swift; path = SlokView.swift; sourceTree = "<group>"; };
		07F790552A81183A007CBCD1 /* SlokViewModel.swift */ = {isa = PBXFileReference; fileEncoding = 4; lastKnownFileType = sourcecode.swift; name = SlokViewModel.swift; path = "Bhagavad Gita/ViewModels/SlokViewModel.swift"; sourceTree = SOURCE_ROOT; };
		07F790572A811B92007CBCD1 /* SlokModel.swift */ = {isa = PBXFileReference; fileEncoding = 4; lastKnownFileType = sourcecode.swift; name = SlokModel.swift; path = "Bhagavad Gita/Models/SlokModel.swift"; sourceTree = SOURCE_ROOT; };
		07F790592A8125CD007CBCD1 /* DownloadData.swift */ = {isa = PBXFileReference; fileEncoding = 4; lastKnownFileType = sourcecode.swift; name = DownloadData.swift; path = "Bhagavad Gita/Utilities/DownloadData.swift"; sourceTree = SOURCE_ROOT; };
		07F7905B2A812683007CBCD1 /* OtherExplanationView.swift */ = {isa = PBXFileReference; fileEncoding = 4; lastKnownFileType = sourcecode.swift; path = OtherExplanationView.swift; sourceTree = "<group>"; };
		07F7905D2A81292E007CBCD1 /* AllAuthorsView.swift */ = {isa = PBXFileReference; fileEncoding = 4; lastKnownFileType = sourcecode.swift; path = AllAuthorsView.swift; sourceTree = "<group>"; };
/* End PBXFileReference section */

/* Begin PBXFrameworksBuildPhase section */
		0785A3FF2A80FD73007C322C /* Frameworks */ = {
			isa = PBXFrameworksBuildPhase;
			buildActionMask = 2147483647;
			files = (
			);
			runOnlyForDeploymentPostprocessing = 0;
		};
/* End PBXFrameworksBuildPhase section */

/* Begin PBXGroup section */
		0755EB072A80FF5D0078A3A9 /* Utilities */ = {
			isa = PBXGroup;
			children = (
				07F790592A8125CD007CBCD1 /* DownloadData.swift */,
				07619C002A9704270090FBED /* RandomSlokStructure.swift */,
			);
			path = Utilities;
			sourceTree = "<group>";
		};
		0785A3F92A80FD73007C322C = {
			isa = PBXGroup;
			children = (
				0785A4042A80FD73007C322C /* Bhagavad Gita */,
				0785A4032A80FD73007C322C /* Products */,
			);
			sourceTree = "<group>";
		};
		0785A4032A80FD73007C322C /* Products */ = {
			isa = PBXGroup;
			children = (
				0785A4022A80FD73007C322C /* Bhagavad Gita.app */,
			);
			name = Products;
			sourceTree = "<group>";
		};
		0785A4042A80FD73007C322C /* Bhagavad Gita */ = {
			isa = PBXGroup;
			children = (
				07A74FC52A81FEA700E64B27 /* Bhagavad Gita.entitlements */,
				0755EB082A8105740078A3A9 /* Bhagavad-Gita-Info.plist */,
				0785A4052A80FD73007C322C /* Bhagavad_GitaApp.swift */,
				0785A4132A80FD8C007C322C /* Models */,
				0785A4162A80FDA0007C322C /* Views */,
				0785A4142A80FD94007C322C /* ViewModels */,
				0755EB072A80FF5D0078A3A9 /* Utilities */,
				0785A4092A80FD75007C322C /* Assets.xcassets */,
				0785A40B2A80FD75007C322C /* Preview Content */,
			);
			path = "Bhagavad Gita";
			sourceTree = "<group>";
		};
		0785A40B2A80FD75007C322C /* Preview Content */ = {
			isa = PBXGroup;
			children = (
				0785A40C2A80FD75007C322C /* Preview Assets.xcassets */,
			);
			path = "Preview Content";
			sourceTree = "<group>";
		};
		0785A4132A80FD8C007C322C /* Models */ = {
			isa = PBXGroup;
			children = (
				072F9A0D2A8619FC004E8B69 /* BookmarkModel.swift */,
				07F790572A811B92007CBCD1 /* SlokModel.swift */,
				0755EB032A80FECD0078A3A9 /* ChapterModel.swift */,
			);
			path = Models;
			sourceTree = "<group>";
		};
		0785A4142A80FD94007C322C /* ViewModels */ = {
			isa = PBXGroup;
			children = (
				0755EB052A80FED70078A3A9 /* AllChaptersViewModel.swift */,
				072F9A0B2A861960004E8B69 /* BookmarksViewModel.swift */,
				07F790552A81183A007CBCD1 /* SlokViewModel.swift */,
			);
			path = ViewModels;
			sourceTree = "<group>";
		};
		0785A4162A80FDA0007C322C /* Views */ = {
			isa = PBXGroup;
			children = (
				0785A4072A80FD73007C322C /* AllChaptersView.swift */,
				072F9A0F2A861C4D004E8B69 /* BookmarksScreen.swift */,
				0747B8A52A810F9900B12C66 /* ChapterInformationView.swift */,
				072F9A112A861D2E004E8B69 /* ChapterInformationRowView.swift */,
				07F790532A81149F007CBCD1 /* SlokView.swift */,
				07F7905D2A81292E007CBCD1 /* AllAuthorsView.swift */,
				07F7905B2A812683007CBCD1 /* OtherExplanationView.swift */,
			);
			path = Views;
			sourceTree = "<group>";
		};
/* End PBXGroup section */

/* Begin PBXNativeTarget section */
		0785A4012A80FD73007C322C /* Bhagavad Gita */ = {
			isa = PBXNativeTarget;
			buildConfigurationList = 0785A4102A80FD75007C322C /* Build configuration list for PBXNativeTarget "Bhagavad Gita" */;
			buildPhases = (
				0785A3FE2A80FD73007C322C /* Sources */,
				0785A3FF2A80FD73007C322C /* Frameworks */,
				0785A4002A80FD73007C322C /* Resources */,
			);
			buildRules = (
			);
			dependencies = (
			);
			name = "Bhagavad Gita";
			productName = "Bhagavad Gita";
			productReference = 0785A4022A80FD73007C322C /* Bhagavad Gita.app */;
			productType = "com.apple.product-type.application";
		};
/* End PBXNativeTarget section */

/* Begin PBXProject section */
		0785A3FA2A80FD73007C322C /* Project object */ = {
			isa = PBXProject;
			attributes = {
				BuildIndependentTargetsInParallel = 1;
				LastSwiftUpdateCheck = 1500;
				LastUpgradeCheck = 1500;
				TargetAttributes = {
					0785A4012A80FD73007C322C = {
						CreatedOnToolsVersion = 15.0;
					};
				};
			};
			buildConfigurationList = 0785A3FD2A80FD73007C322C /* Build configuration list for PBXProject "Bhagavad Gita" */;
			compatibilityVersion = "Xcode 14.0";
			developmentRegion = en;
			hasScannedForEncodings = 0;
			knownRegions = (
				en,
				Base,
			);
			mainGroup = 0785A3F92A80FD73007C322C;
			productRefGroup = 0785A4032A80FD73007C322C /* Products */;
			projectDirPath = "";
			projectRoot = "";
			targets = (
				0785A4012A80FD73007C322C /* Bhagavad Gita */,
			);
		};
/* End PBXProject section */

/* Begin PBXResourcesBuildPhase section */
		0785A4002A80FD73007C322C /* Resources */ = {
			isa = PBXResourcesBuildPhase;
			buildActionMask = 2147483647;
			files = (
				0785A40D2A80FD75007C322C /* Preview Assets.xcassets in Resources */,
				0785A40A2A80FD75007C322C /* Assets.xcassets in Resources */,
			);
			runOnlyForDeploymentPostprocessing = 0;
		};
/* End PBXResourcesBuildPhase section */

/* Begin PBXSourcesBuildPhase section */
		0785A3FE2A80FD73007C322C /* Sources */ = {
			isa = PBXSourcesBuildPhase;
			buildActionMask = 2147483647;
			files = (
				0755EB062A80FED70078A3A9 /* AllChaptersViewModel.swift in Sources */,
				072F9A122A861D2E004E8B69 /* ChapterInformationRowView.swift in Sources */,
				072F9A0E2A8619FC004E8B69 /* BookmarkModel.swift in Sources */,
				072F9A102A861C4D004E8B69 /* BookmarksScreen.swift in Sources */,
				0755EB042A80FECD0078A3A9 /* ChapterModel.swift in Sources */,
				07F7905A2A8125CD007CBCD1 /* DownloadData.swift in Sources */,
				0785A4082A80FD73007C322C /* AllChaptersView.swift in Sources */,
				0747B8A62A810F9900B12C66 /* ChapterInformationView.swift in Sources */,
				07F7905C2A812683007CBCD1 /* OtherExplanationView.swift in Sources */,
				07F790582A811B92007CBCD1 /* SlokModel.swift in Sources */,
				07F790562A81183A007CBCD1 /* SlokViewModel.swift in Sources */,
				072F9A0C2A861960004E8B69 /* BookmarksViewModel.swift in Sources */,
				0785A4062A80FD73007C322C /* Bhagavad_GitaApp.swift in Sources */,
				07F790542A81149F007CBCD1 /* SlokView.swift in Sources */,
				07F7905E2A81292E007CBCD1 /* AllAuthorsView.swift in Sources */,
				07619C012A9704270090FBED /* RandomSlokStructure.swift in Sources */,
			);
			runOnlyForDeploymentPostprocessing = 0;
		};
/* End PBXSourcesBuildPhase section */

/* Begin XCBuildConfiguration section */
		0785A40E2A80FD75007C322C /* Debug */ = {
			isa = XCBuildConfiguration;
			buildSettings = {
				ALWAYS_SEARCH_USER_PATHS = NO;
				ASSETCATALOG_COMPILER_GENERATE_SWIFT_ASSET_SYMBOL_EXTENSIONS = YES;
				CLANG_ANALYZER_NONNULL = YES;
				CLANG_ANALYZER_NUMBER_OBJECT_CONVERSION = YES_AGGRESSIVE;
				CLANG_CXX_LANGUAGE_STANDARD = "gnu++20";
				CLANG_ENABLE_MODULES = YES;
				CLANG_ENABLE_OBJC_ARC = YES;
				CLANG_ENABLE_OBJC_WEAK = YES;
				CLANG_WARN_BLOCK_CAPTURE_AUTORELEASING = YES;
				CLANG_WARN_BOOL_CONVERSION = YES;
				CLANG_WARN_COMMA = YES;
				CLANG_WARN_CONSTANT_CONVERSION = YES;
				CLANG_WARN_DEPRECATED_OBJC_IMPLEMENTATIONS = YES;
				CLANG_WARN_DIRECT_OBJC_ISA_USAGE = YES_ERROR;
				CLANG_WARN_DOCUMENTATION_COMMENTS = YES;
				CLANG_WARN_EMPTY_BODY = YES;
				CLANG_WARN_ENUM_CONVERSION = YES;
				CLANG_WARN_INFINITE_RECURSION = YES;
				CLANG_WARN_INT_CONVERSION = YES;
				CLANG_WARN_NON_LITERAL_NULL_CONVERSION = YES;
				CLANG_WARN_OBJC_IMPLICIT_RETAIN_SELF = YES;
				CLANG_WARN_OBJC_LITERAL_CONVERSION = YES;
				CLANG_WARN_OBJC_ROOT_CLASS = YES_ERROR;
				CLANG_WARN_QUOTED_INCLUDE_IN_FRAMEWORK_HEADER = YES;
				CLANG_WARN_RANGE_LOOP_ANALYSIS = YES;
				CLANG_WARN_STRICT_PROTOTYPES = YES;
				CLANG_WARN_SUSPICIOUS_MOVE = YES;
				CLANG_WARN_UNGUARDED_AVAILABILITY = YES_AGGRESSIVE;
				CLANG_WARN_UNREACHABLE_CODE = YES;
				CLANG_WARN__DUPLICATE_METHOD_MATCH = YES;
				COPY_PHASE_STRIP = NO;
				DEBUG_INFORMATION_FORMAT = dwarf;
				ENABLE_STRICT_OBJC_MSGSEND = YES;
				ENABLE_TESTABILITY = YES;
				ENABLE_USER_SCRIPT_SANDBOXING = YES;
				GCC_C_LANGUAGE_STANDARD = gnu17;
				GCC_DYNAMIC_NO_PIC = NO;
				GCC_NO_COMMON_BLOCKS = YES;
				GCC_OPTIMIZATION_LEVEL = 0;
				GCC_PREPROCESSOR_DEFINITIONS = (
					"DEBUG=1",
					"$(inherited)",
				);
				GCC_WARN_64_TO_32_BIT_CONVERSION = YES;
				GCC_WARN_ABOUT_RETURN_TYPE = YES_ERROR;
				GCC_WARN_UNDECLARED_SELECTOR = YES;
				GCC_WARN_UNINITIALIZED_AUTOS = YES_AGGRESSIVE;
				GCC_WARN_UNUSED_FUNCTION = YES;
				GCC_WARN_UNUSED_VARIABLE = YES;
				IPHONEOS_DEPLOYMENT_TARGET = 17.0;
				LOCALIZATION_PREFERS_STRING_CATALOGS = YES;
				MTL_ENABLE_DEBUG_INFO = INCLUDE_SOURCE;
				MTL_FAST_MATH = YES;
				ONLY_ACTIVE_ARCH = YES;
				SDKROOT = iphoneos;
				SWIFT_ACTIVE_COMPILATION_CONDITIONS = "DEBUG $(inherited)";
				SWIFT_OPTIMIZATION_LEVEL = "-Onone";
			};
			name = Debug;
		};
		0785A40F2A80FD75007C322C /* Release */ = {
			isa = XCBuildConfiguration;
			buildSettings = {
				ALWAYS_SEARCH_USER_PATHS = NO;
				ASSETCATALOG_COMPILER_GENERATE_SWIFT_ASSET_SYMBOL_EXTENSIONS = YES;
				CLANG_ANALYZER_NONNULL = YES;
				CLANG_ANALYZER_NUMBER_OBJECT_CONVERSION = YES_AGGRESSIVE;
				CLANG_CXX_LANGUAGE_STANDARD = "gnu++20";
				CLANG_ENABLE_MODULES = YES;
				CLANG_ENABLE_OBJC_ARC = YES;
				CLANG_ENABLE_OBJC_WEAK = YES;
				CLANG_WARN_BLOCK_CAPTURE_AUTORELEASING = YES;
				CLANG_WARN_BOOL_CONVERSION = YES;
				CLANG_WARN_COMMA = YES;
				CLANG_WARN_CONSTANT_CONVERSION = YES;
				CLANG_WARN_DEPRECATED_OBJC_IMPLEMENTATIONS = YES;
				CLANG_WARN_DIRECT_OBJC_ISA_USAGE = YES_ERROR;
				CLANG_WARN_DOCUMENTATION_COMMENTS = YES;
				CLANG_WARN_EMPTY_BODY = YES;
				CLANG_WARN_ENUM_CONVERSION = YES;
				CLANG_WARN_INFINITE_RECURSION = YES;
				CLANG_WARN_INT_CONVERSION = YES;
				CLANG_WARN_NON_LITERAL_NULL_CONVERSION = YES;
				CLANG_WARN_OBJC_IMPLICIT_RETAIN_SELF = YES;
				CLANG_WARN_OBJC_LITERAL_CONVERSION = YES;
				CLANG_WARN_OBJC_ROOT_CLASS = YES_ERROR;
				CLANG_WARN_QUOTED_INCLUDE_IN_FRAMEWORK_HEADER = YES;
				CLANG_WARN_RANGE_LOOP_ANALYSIS = YES;
				CLANG_WARN_STRICT_PROTOTYPES = YES;
				CLANG_WARN_SUSPICIOUS_MOVE = YES;
				CLANG_WARN_UNGUARDED_AVAILABILITY = YES_AGGRESSIVE;
				CLANG_WARN_UNREACHABLE_CODE = YES;
				CLANG_WARN__DUPLICATE_METHOD_MATCH = YES;
				COPY_PHASE_STRIP = NO;
				DEBUG_INFORMATION_FORMAT = "dwarf-with-dsym";
				ENABLE_NS_ASSERTIONS = NO;
				ENABLE_STRICT_OBJC_MSGSEND = YES;
				ENABLE_USER_SCRIPT_SANDBOXING = YES;
				GCC_C_LANGUAGE_STANDARD = gnu17;
				GCC_NO_COMMON_BLOCKS = YES;
				GCC_WARN_64_TO_32_BIT_CONVERSION = YES;
				GCC_WARN_ABOUT_RETURN_TYPE = YES_ERROR;
				GCC_WARN_UNDECLARED_SELECTOR = YES;
				GCC_WARN_UNINITIALIZED_AUTOS = YES_AGGRESSIVE;
				GCC_WARN_UNUSED_FUNCTION = YES;
				GCC_WARN_UNUSED_VARIABLE = YES;
				IPHONEOS_DEPLOYMENT_TARGET = 17.0;
				LOCALIZATION_PREFERS_STRING_CATALOGS = YES;
				MTL_ENABLE_DEBUG_INFO = NO;
				MTL_FAST_MATH = YES;
				SDKROOT = iphoneos;
				SWIFT_COMPILATION_MODE = wholemodule;
				VALIDATE_PRODUCT = YES;
			};
			name = Release;
		};
		0785A4112A80FD75007C322C /* Debug */ = {
			isa = XCBuildConfiguration;
			buildSettings = {
				ASSETCATALOG_COMPILER_APPICON_NAME = AppIcon;
				ASSETCATALOG_COMPILER_GLOBAL_ACCENT_COLOR_NAME = AccentColor;
				CODE_SIGN_ENTITLEMENTS = "Bhagavad Gita/Bhagavad Gita.entitlements";
				CODE_SIGN_STYLE = Automatic;
				CURRENT_PROJECT_VERSION = 1;
				DEVELOPMENT_ASSET_PATHS = "\"Bhagavad Gita/Preview Content\"";
				DEVELOPMENT_TEAM = R2Z9FDM5M6;
				ENABLE_PREVIEWS = YES;
				GENERATE_INFOPLIST_FILE = YES;
				INFOPLIST_FILE = "Bhagavad-Gita-Info.plist";
				INFOPLIST_KEY_UIApplicationSceneManifest_Generation = YES;
				INFOPLIST_KEY_UIApplicationSupportsIndirectInputEvents = YES;
				INFOPLIST_KEY_UILaunchScreen_Generation = YES;
				INFOPLIST_KEY_UISupportedInterfaceOrientations_iPad = NO;
				INFOPLIST_KEY_UISupportedInterfaceOrientations_iPhone = "UIInterfaceOrientationPortrait UIInterfaceOrientationLandscapeLeft UIInterfaceOrientationLandscapeRight";
				LD_RUNPATH_SEARCH_PATHS = (
					"$(inherited)",
					"@executable_path/Frameworks",
				);
				MARKETING_VERSION = 1.0;
				PRODUCT_BUNDLE_IDENTIFIER = "com.ayushsinghal.Bhagavad-Gita";
				PRODUCT_NAME = "$(TARGET_NAME)";
				SWIFT_EMIT_LOC_STRINGS = YES;
				SWIFT_VERSION = 5.0;
				TARGETED_DEVICE_FAMILY = "1,2";
			};
			name = Debug;
		};
		0785A4122A80FD75007C322C /* Release */ = {
			isa = XCBuildConfiguration;
			buildSettings = {
				ASSETCATALOG_COMPILER_APPICON_NAME = AppIcon;
				ASSETCATALOG_COMPILER_GLOBAL_ACCENT_COLOR_NAME = AccentColor;
				CODE_SIGN_ENTITLEMENTS = "Bhagavad Gita/Bhagavad Gita.entitlements";
				CODE_SIGN_STYLE = Automatic;
				CURRENT_PROJECT_VERSION = 1;
				DEVELOPMENT_ASSET_PATHS = "\"Bhagavad Gita/Preview Content\"";
				DEVELOPMENT_TEAM = R2Z9FDM5M6;
				ENABLE_PREVIEWS = YES;
				GENERATE_INFOPLIST_FILE = YES;
				INFOPLIST_FILE = "Bhagavad-Gita-Info.plist";
				INFOPLIST_KEY_UIApplicationSceneManifest_Generation = YES;
				INFOPLIST_KEY_UIApplicationSupportsIndirectInputEvents = YES;
				INFOPLIST_KEY_UILaunchScreen_Generation = YES;
				INFOPLIST_KEY_UISupportedInterfaceOrientations_iPad = NO;
				INFOPLIST_KEY_UISupportedInterfaceOrientations_iPhone = "UIInterfaceOrientationPortrait UIInterfaceOrientationLandscapeLeft UIInterfaceOrientationLandscapeRight";
				LD_RUNPATH_SEARCH_PATHS = (
					"$(inherited)",
					"@executable_path/Frameworks",
				);
				MARKETING_VERSION = 1.0;
				PRODUCT_BUNDLE_IDENTIFIER = "com.ayushsinghal.Bhagavad-Gita";
				PRODUCT_NAME = "$(TARGET_NAME)";
				SWIFT_EMIT_LOC_STRINGS = YES;
				SWIFT_OPTIMIZATION_LEVEL = "-O";
				SWIFT_VERSION = 5.0;
				TARGETED_DEVICE_FAMILY = "1,2";
			};
			name = Release;
		};
/* End XCBuildConfiguration section */

/* Begin XCConfigurationList section */
		0785A3FD2A80FD73007C322C /* Build configuration list for PBXProject "Bhagavad Gita" */ = {
			isa = XCConfigurationList;
			buildConfigurations = (
				0785A40E2A80FD75007C322C /* Debug */,
				0785A40F2A80FD75007C322C /* Release */,
			);
			defaultConfigurationIsVisible = 0;
			defaultConfigurationName = Release;
		};
		0785A4102A80FD75007C322C /* Build configuration list for PBXNativeTarget "Bhagavad Gita" */ = {
			isa = XCConfigurationList;
			buildConfigurations = (
				0785A4112A80FD75007C322C /* Debug */,
				0785A4122A80FD75007C322C /* Release */,
			);
			defaultConfigurationIsVisible = 0;
			defaultConfigurationName = Release;
		};
/* End XCConfigurationList section */
	};
	rootObject = 0785A3FA2A80FD73007C322C /* Project object */;
}
